// !$*UTF8*$!
{
	archiveVersion = 1;
	classes = {
	};
	objectVersion = 55;
	objects = {

/* Begin PBXBuildFile section */
		C57A249F28B4D4E500F14C3C /* TipsCollectionViewCell.swift in Sources */ = {isa = PBXBuildFile; fileRef = C57A249E28B4D4E500F14C3C /* TipsCollectionViewCell.swift */; };
		C57A24A528B4D63700F14C3C /* TipsView.swift in Sources */ = {isa = PBXBuildFile; fileRef = C57A24A428B4D63700F14C3C /* TipsView.swift */; };
		C57A3DB928B4C24B00C0498E /* AppDelegate.swift in Sources */ = {isa = PBXBuildFile; fileRef = C57A3DB828B4C24B00C0498E /* AppDelegate.swift */; };
		C57A3DBB28B4C24B00C0498E /* SceneDelegate.swift in Sources */ = {isa = PBXBuildFile; fileRef = C57A3DBA28B4C24B00C0498E /* SceneDelegate.swift */; };
		C57A3DC228B4C24C00C0498E /* Assets.xcassets in Resources */ = {isa = PBXBuildFile; fileRef = C57A3DC128B4C24C00C0498E /* Assets.xcassets */; };
		C57A3DC528B4C24C00C0498E /* LaunchScreen.storyboard in Resources */ = {isa = PBXBuildFile; fileRef = C57A3DC328B4C24C00C0498E /* LaunchScreen.storyboard */; };
		C57A3DCF28B4C29D00C0498E /* TotalBillView.swift in Sources */ = {isa = PBXBuildFile; fileRef = C57A3DCC28B4C29D00C0498E /* TotalBillView.swift */; };
		C57A3DD028B4C29D00C0498E /* PersonsView.swift in Sources */ = {isa = PBXBuildFile; fileRef = C57A3DCD28B4C29D00C0498E /* PersonsView.swift */; };
		C57A3DD128B4C29D00C0498E /* MainViewController.swift in Sources */ = {isa = PBXBuildFile; fileRef = C57A3DCE28B4C29D00C0498E /* MainViewController.swift */; };
		C5B5AA8328CB58B1006EBB25 /* BillMeUITests.swift in Sources */ = {isa = PBXBuildFile; fileRef = C5B5AA8228CB58B1006EBB25 /* BillMeUITests.swift */; };
/* End PBXBuildFile section */

/* Begin PBXContainerItemProxy section */
		C5B5AA8628CB58B1006EBB25 /* PBXContainerItemProxy */ = {
			isa = PBXContainerItemProxy;
			containerPortal = C57A3DAD28B4C24B00C0498E /* Project object */;
			proxyType = 1;
			remoteGlobalIDString = C57A3DB428B4C24B00C0498E;
			remoteInfo = BillMe;
		};
/* End PBXContainerItemProxy section */

/* Begin PBXFileReference section */
		C57A249E28B4D4E500F14C3C /* TipsCollectionViewCell.swift */ = {isa = PBXFileReference; lastKnownFileType = sourcecode.swift; path = TipsCollectionViewCell.swift; sourceTree = "<group>"; };
		C57A24A428B4D63700F14C3C /* TipsView.swift */ = {isa = PBXFileReference; lastKnownFileType = sourcecode.swift; path = TipsView.swift; sourceTree = "<group>"; };
		C57A3DB528B4C24B00C0498E /* BillMe.app */ = {isa = PBXFileReference; explicitFileType = wrapper.application; includeInIndex = 0; path = BillMe.app; sourceTree = BUILT_PRODUCTS_DIR; };
		C57A3DB828B4C24B00C0498E /* AppDelegate.swift */ = {isa = PBXFileReference; lastKnownFileType = sourcecode.swift; path = AppDelegate.swift; sourceTree = "<group>"; };
		C57A3DBA28B4C24B00C0498E /* SceneDelegate.swift */ = {isa = PBXFileReference; lastKnownFileType = sourcecode.swift; path = SceneDelegate.swift; sourceTree = "<group>"; };
		C57A3DC128B4C24C00C0498E /* Assets.xcassets */ = {isa = PBXFileReference; lastKnownFileType = folder.assetcatalog; path = Assets.xcassets; sourceTree = "<group>"; };
		C57A3DC428B4C24C00C0498E /* Base */ = {isa = PBXFileReference; lastKnownFileType = file.storyboard; name = Base; path = Base.lproj/LaunchScreen.storyboard; sourceTree = "<group>"; };
		C57A3DC628B4C24C00C0498E /* Info.plist */ = {isa = PBXFileReference; lastKnownFileType = text.plist.xml; path = Info.plist; sourceTree = "<group>"; };
		C57A3DCC28B4C29D00C0498E /* TotalBillView.swift */ = {isa = PBXFileReference; fileEncoding = 4; lastKnownFileType = sourcecode.swift; path = TotalBillView.swift; sourceTree = "<group>"; };
		C57A3DCD28B4C29D00C0498E /* PersonsView.swift */ = {isa = PBXFileReference; fileEncoding = 4; lastKnownFileType = sourcecode.swift; path = PersonsView.swift; sourceTree = "<group>"; };
		C57A3DCE28B4C29D00C0498E /* MainViewController.swift */ = {isa = PBXFileReference; fileEncoding = 4; lastKnownFileType = sourcecode.swift; path = MainViewController.swift; sourceTree = "<group>"; };
		C5B5AA8028CB58B1006EBB25 /* BillMeUITests.xctest */ = {isa = PBXFileReference; explicitFileType = wrapper.cfbundle; includeInIndex = 0; path = BillMeUITests.xctest; sourceTree = BUILT_PRODUCTS_DIR; };
		C5B5AA8228CB58B1006EBB25 /* BillMeUITests.swift */ = {isa = PBXFileReference; lastKnownFileType = sourcecode.swift; path = BillMeUITests.swift; sourceTree = "<group>"; };
/* End PBXFileReference section */

/* Begin PBXFrameworksBuildPhase section */
		C57A3DB228B4C24B00C0498E /* Frameworks */ = {
			isa = PBXFrameworksBuildPhase;
			buildActionMask = 2147483647;
			files = (
			);
			runOnlyForDeploymentPostprocessing = 0;
		};
		C5B5AA7D28CB58B1006EBB25 /* Frameworks */ = {
			isa = PBXFrameworksBuildPhase;
			buildActionMask = 2147483647;
			files = (
			);
			runOnlyForDeploymentPostprocessing = 0;
		};
/* End PBXFrameworksBuildPhase section */

/* Begin PBXGroup section */
		C57A24A028B4D4EA00F14C3C /* Application */ = {
			isa = PBXGroup;
			children = (
				C57A3DB828B4C24B00C0498E /* AppDelegate.swift */,
				C57A3DBA28B4C24B00C0498E /* SceneDelegate.swift */,
			);
			path = Application;
			sourceTree = "<group>";
		};
		C57A24A128B4D4FD00F14C3C /* Controllers */ = {
			isa = PBXGroup;
			children = (
				C57A3DCE28B4C29D00C0498E /* MainViewController.swift */,
			);
			path = Controllers;
			sourceTree = "<group>";
		};
		C57A24A228B4D51400F14C3C /* Views */ = {
			isa = PBXGroup;
			children = (
				C57A24A328B4D52900F14C3C /* Cells */,
				C57A3DCC28B4C29D00C0498E /* TotalBillView.swift */,
				C57A3DCD28B4C29D00C0498E /* PersonsView.swift */,
				C57A24A428B4D63700F14C3C /* TipsView.swift */,
			);
			path = Views;
			sourceTree = "<group>";
		};
		C57A24A328B4D52900F14C3C /* Cells */ = {
			isa = PBXGroup;
			children = (
				C57A249E28B4D4E500F14C3C /* TipsCollectionViewCell.swift */,
			);
			path = Cells;
			sourceTree = "<group>";
		};
		C57A3DAC28B4C24B00C0498E = {
			isa = PBXGroup;
			children = (
				C57A3DB728B4C24B00C0498E /* BillMe */,
				C5B5AA8128CB58B1006EBB25 /* BillMeUITests */,
				C57A3DB628B4C24B00C0498E /* Products */,
			);
			sourceTree = "<group>";
		};
		C57A3DB628B4C24B00C0498E /* Products */ = {
			isa = PBXGroup;
			children = (
				C57A3DB528B4C24B00C0498E /* BillMe.app */,
				C5B5AA8028CB58B1006EBB25 /* BillMeUITests.xctest */,
			);
			name = Products;
			sourceTree = "<group>";
		};
		C57A3DB728B4C24B00C0498E /* BillMe */ = {
			isa = PBXGroup;
			children = (
				C57A24A028B4D4EA00F14C3C /* Application */,
				C57A24A128B4D4FD00F14C3C /* Controllers */,
				C57A24A228B4D51400F14C3C /* Views */,
				C57A3DC128B4C24C00C0498E /* Assets.xcassets */,
				C57A3DC328B4C24C00C0498E /* LaunchScreen.storyboard */,
				C57A3DC628B4C24C00C0498E /* Info.plist */,
			);
			path = BillMe;
			sourceTree = "<group>";
		};
		C5B5AA8128CB58B1006EBB25 /* BillMeUITests */ = {
			isa = PBXGroup;
			children = (
				C5B5AA8228CB58B1006EBB25 /* BillMeUITests.swift */,
			);
			path = BillMeUITests;
			sourceTree = "<group>";
		};
/* End PBXGroup section */

/* Begin PBXNativeTarget section */
		C57A3DB428B4C24B00C0498E /* BillMe */ = {
			isa = PBXNativeTarget;
			buildConfigurationList = C57A3DC928B4C24C00C0498E /* Build configuration list for PBXNativeTarget "BillMe" */;
			buildPhases = (
				C57A3DB128B4C24B00C0498E /* Sources */,
				C57A3DB228B4C24B00C0498E /* Frameworks */,
				C57A3DB328B4C24B00C0498E /* Resources */,
			);
			buildRules = (
			);
			dependencies = (
			);
			name = BillMe;
			productName = BillMe;
			productReference = C57A3DB528B4C24B00C0498E /* BillMe.app */;
			productType = "com.apple.product-type.application";
		};
		C5B5AA7F28CB58B1006EBB25 /* BillMeUITests */ = {
			isa = PBXNativeTarget;
			buildConfigurationList = C5B5AA8A28CB58B1006EBB25 /* Build configuration list for PBXNativeTarget "BillMeUITests" */;
			buildPhases = (
				C5B5AA7C28CB58B1006EBB25 /* Sources */,
				C5B5AA7D28CB58B1006EBB25 /* Frameworks */,
				C5B5AA7E28CB58B1006EBB25 /* Resources */,
			);
			buildRules = (
			);
			dependencies = (
				C5B5AA8728CB58B1006EBB25 /* PBXTargetDependency */,
			);
			name = BillMeUITests;
			productName = BillMeUITests;
			productReference = C5B5AA8028CB58B1006EBB25 /* BillMeUITests.xctest */;
			productType = "com.apple.product-type.bundle.ui-testing";
		};
/* End PBXNativeTarget section */

/* Begin PBXProject section */
		C57A3DAD28B4C24B00C0498E /* Project object */ = {
			isa = PBXProject;
			attributes = {
				BuildIndependentTargetsInParallel = 1;
				LastSwiftUpdateCheck = 1340;
				LastUpgradeCheck = 1340;
				TargetAttributes = {
					C57A3DB428B4C24B00C0498E = {
						CreatedOnToolsVersion = 13.4.1;
					};
					C5B5AA7F28CB58B1006EBB25 = {
						CreatedOnToolsVersion = 13.4.1;
						TestTargetID = C57A3DB428B4C24B00C0498E;
					};
				};
			};
			buildConfigurationList = C57A3DB028B4C24B00C0498E /* Build configuration list for PBXProject "BillMe" */;
			compatibilityVersion = "Xcode 13.0";
			developmentRegion = en;
			hasScannedForEncodings = 0;
			knownRegions = (
				en,
				Base,
			);
			mainGroup = C57A3DAC28B4C24B00C0498E;
			productRefGroup = C57A3DB628B4C24B00C0498E /* Products */;
			projectDirPath = "";
			projectRoot = "";
			targets = (
				C57A3DB428B4C24B00C0498E /* BillMe */,
				C5B5AA7F28CB58B1006EBB25 /* BillMeUITests */,
			);
		};
/* End PBXProject section */

/* Begin PBXResourcesBuildPhase section */
		C57A3DB328B4C24B00C0498E /* Resources */ = {
			isa = PBXResourcesBuildPhase;
			buildActionMask = 2147483647;
			files = (
				C57A3DC528B4C24C00C0498E /* LaunchScreen.storyboard in Resources */,
				C57A3DC228B4C24C00C0498E /* Assets.xcassets in Resources */,
			);
			runOnlyForDeploymentPostprocessing = 0;
		};
		C5B5AA7E28CB58B1006EBB25 /* Resources */ = {
			isa = PBXResourcesBuildPhase;
			buildActionMask = 2147483647;
			files = (
			);
			runOnlyForDeploymentPostprocessing = 0;
		};
/* End PBXResourcesBuildPhase section */

/* Begin PBXSourcesBuildPhase section */
		C57A3DB128B4C24B00C0498E /* Sources */ = {
			isa = PBXSourcesBuildPhase;
			buildActionMask = 2147483647;
			files = (
				C57A3DCF28B4C29D00C0498E /* TotalBillView.swift in Sources */,
				C57A3DD028B4C29D00C0498E /* PersonsView.swift in Sources */,
				C57A3DD128B4C29D00C0498E /* MainViewController.swift in Sources */,
				C57A249F28B4D4E500F14C3C /* TipsCollectionViewCell.swift in Sources */,
				C57A24A528B4D63700F14C3C /* TipsView.swift in Sources */,
				C57A3DB928B4C24B00C0498E /* AppDelegate.swift in Sources */,
				C57A3DBB28B4C24B00C0498E /* SceneDelegate.swift in Sources */,
			);
			runOnlyForDeploymentPostprocessing = 0;
		};
		C5B5AA7C28CB58B1006EBB25 /* Sources */ = {
			isa = PBXSourcesBuildPhase;
			buildActionMask = 2147483647;
			files = (
				C5B5AA8328CB58B1006EBB25 /* BillMeUITests.swift in Sources */,
			);
			runOnlyForDeploymentPostprocessing = 0;
		};
/* End PBXSourcesBuildPhase section */

/* Begin PBXTargetDependency section */
		C5B5AA8728CB58B1006EBB25 /* PBXTargetDependency */ = {
			isa = PBXTargetDependency;
			target = C57A3DB428B4C24B00C0498E /* BillMe */;
			targetProxy = C5B5AA8628CB58B1006EBB25 /* PBXContainerItemProxy */;
		};
/* End PBXTargetDependency section */

/* Begin PBXVariantGroup section */
		C57A3DC328B4C24C00C0498E /* LaunchScreen.storyboard */ = {
			isa = PBXVariantGroup;
			children = (
				C57A3DC428B4C24C00C0498E /* Base */,
			);
			name = LaunchScreen.storyboard;
			sourceTree = "<group>";
		};
/* End PBXVariantGroup section */

/* Begin XCBuildConfiguration section */
		C57A3DC728B4C24C00C0498E /* Debug */ = {
			isa = XCBuildConfiguration;
			buildSettings = {
				ALWAYS_SEARCH_USER_PATHS = NO;
				CLANG_ANALYZER_NONNULL = YES;
				CLANG_ANALYZER_NUMBER_OBJECT_CONVERSION = YES_AGGRESSIVE;
				CLANG_CXX_LANGUAGE_STANDARD = "gnu++17";
				CLANG_ENABLE_MODULES = YES;
				CLANG_ENABLE_OBJC_ARC = YES;
				CLANG_ENABLE_OBJC_WEAK = YES;
				CLANG_WARN_BLOCK_CAPTURE_AUTORELEASING = YES;
				CLANG_WARN_BOOL_CONVERSION = YES;
				CLANG_WARN_COMMA = YES;
				CLANG_WARN_CONSTANT_CONVERSION = YES;
				CLANG_WARN_DEPRECATED_OBJC_IMPLEMENTATIONS = YES;
				CLANG_WARN_DIRECT_OBJC_ISA_USAGE = YES_ERROR;
				CLANG_WARN_DOCUMENTATION_COMMENTS = YES;
				CLANG_WARN_EMPTY_BODY = YES;
				CLANG_WARN_ENUM_CONVERSION = YES;
				CLANG_WARN_INFINITE_RECURSION = YES;
				CLANG_WARN_INT_CONVERSION = YES;
				CLANG_WARN_NON_LITERAL_NULL_CONVERSION = YES;
				CLANG_WARN_OBJC_IMPLICIT_RETAIN_SELF = YES;
				CLANG_WARN_OBJC_LITERAL_CONVERSION = YES;
				CLANG_WARN_OBJC_ROOT_CLASS = YES_ERROR;
				CLANG_WARN_QUOTED_INCLUDE_IN_FRAMEWORK_HEADER = YES;
				CLANG_WARN_RANGE_LOOP_ANALYSIS = YES;
				CLANG_WARN_STRICT_PROTOTYPES = YES;
				CLANG_WARN_SUSPICIOUS_MOVE = YES;
				CLANG_WARN_UNGUARDED_AVAILABILITY = YES_AGGRESSIVE;
				CLANG_WARN_UNREACHABLE_CODE = YES;
				CLANG_WARN__DUPLICATE_METHOD_MATCH = YES;
				COPY_PHASE_STRIP = NO;
				DEBUG_INFORMATION_FORMAT = dwarf;
				ENABLE_STRICT_OBJC_MSGSEND = YES;
				ENABLE_TESTABILITY = YES;
				GCC_C_LANGUAGE_STANDARD = gnu11;
				GCC_DYNAMIC_NO_PIC = NO;
				GCC_NO_COMMON_BLOCKS = YES;
				GCC_OPTIMIZATION_LEVEL = 0;
				GCC_PREPROCESSOR_DEFINITIONS = (
					"DEBUG=1",
					"$(inherited)",
				);
				GCC_WARN_64_TO_32_BIT_CONVERSION = YES;
				GCC_WARN_ABOUT_RETURN_TYPE = YES_ERROR;
				GCC_WARN_UNDECLARED_SELECTOR = YES;
				GCC_WARN_UNINITIALIZED_AUTOS = YES_AGGRESSIVE;
				GCC_WARN_UNUSED_FUNCTION = YES;
				GCC_WARN_UNUSED_VARIABLE = YES;
				IPHONEOS_DEPLOYMENT_TARGET = 15.5;
				MTL_ENABLE_DEBUG_INFO = INCLUDE_SOURCE;
				MTL_FAST_MATH = YES;
				ONLY_ACTIVE_ARCH = YES;
				SDKROOT = iphoneos;
				SWIFT_ACTIVE_COMPILATION_CONDITIONS = DEBUG;
				SWIFT_OPTIMIZATION_LEVEL = "-O";
			};
			name = Debug;
		};
		C57A3DC828B4C24C00C0498E /* Release */ = {
			isa = XCBuildConfiguration;
			buildSettings = {
				ALWAYS_SEARCH_USER_PATHS = NO;
				CLANG_ANALYZER_NONNULL = YES;
				CLANG_ANALYZER_NUMBER_OBJECT_CONVERSION = YES_AGGRESSIVE;
				CLANG_CXX_LANGUAGE_STANDARD = "gnu++17";
				CLANG_ENABLE_MODULES = YES;
				CLANG_ENABLE_OBJC_ARC = YES;
				CLANG_ENABLE_OBJC_WEAK = YES;
				CLANG_WARN_BLOCK_CAPTURE_AUTORELEASING = YES;
				CLANG_WARN_BOOL_CONVERSION = YES;
				CLANG_WARN_COMMA = YES;
				CLANG_WARN_CONSTANT_CONVERSION = YES;
				CLANG_WARN_DEPRECATED_OBJC_IMPLEMENTATIONS = YES;
				CLANG_WARN_DIRECT_OBJC_ISA_USAGE = YES_ERROR;
				CLANG_WARN_DOCUMENTATION_COMMENTS = YES;
				CLANG_WARN_EMPTY_BODY = YES;
				CLANG_WARN_ENUM_CONVERSION = YES;
				CLANG_WARN_INFINITE_RECURSION = YES;
				CLANG_WARN_INT_CONVERSION = YES;
				CLANG_WARN_NON_LITERAL_NULL_CONVERSION = YES;
				CLANG_WARN_OBJC_IMPLICIT_RETAIN_SELF = YES;
				CLANG_WARN_OBJC_LITERAL_CONVERSION = YES;
				CLANG_WARN_OBJC_ROOT_CLASS = YES_ERROR;
				CLANG_WARN_QUOTED_INCLUDE_IN_FRAMEWORK_HEADER = YES;
				CLANG_WARN_RANGE_LOOP_ANALYSIS = YES;
				CLANG_WARN_STRICT_PROTOTYPES = YES;
				CLANG_WARN_SUSPICIOUS_MOVE = YES;
				CLANG_WARN_UNGUARDED_AVAILABILITY = YES_AGGRESSIVE;
				CLANG_WARN_UNREACHABLE_CODE = YES;
				CLANG_WARN__DUPLICATE_METHOD_MATCH = YES;
				COPY_PHASE_STRIP = NO;
				DEBUG_INFORMATION_FORMAT = "dwarf-with-dsym";
				ENABLE_NS_ASSERTIONS = NO;
				ENABLE_STRICT_OBJC_MSGSEND = YES;
				GCC_C_LANGUAGE_STANDARD = gnu11;
				GCC_NO_COMMON_BLOCKS = YES;
				GCC_WARN_64_TO_32_BIT_CONVERSION = YES;
				GCC_WARN_ABOUT_RETURN_TYPE = YES_ERROR;
				GCC_WARN_UNDECLARED_SELECTOR = YES;
				GCC_WARN_UNINITIALIZED_AUTOS = YES_AGGRESSIVE;
				GCC_WARN_UNUSED_FUNCTION = YES;
				GCC_WARN_UNUSED_VARIABLE = YES;
				IPHONEOS_DEPLOYMENT_TARGET = 15.5;
				MTL_ENABLE_DEBUG_INFO = NO;
				MTL_FAST_MATH = YES;
				SDKROOT = iphoneos;
				SWIFT_COMPILATION_MODE = wholemodule;
				SWIFT_OPTIMIZATION_LEVEL = "-O";
				VALIDATE_PRODUCT = YES;
			};
			name = Release;
		};
		C57A3DCA28B4C24C00C0498E /* Debug */ = {
			isa = XCBuildConfiguration;
			buildSettings = {
				ASSETCATALOG_COMPILER_APPICON_NAME = AppIcon;
				ASSETCATALOG_COMPILER_GLOBAL_ACCENT_COLOR_NAME = AccentColor;
				CODE_SIGN_STYLE = Automatic;
				CURRENT_PROJECT_VERSION = 1;
				DEVELOPMENT_TEAM = 5CD9RDCH3V;
				GENERATE_INFOPLIST_FILE = YES;
				INFOPLIST_FILE = BillMe/Info.plist;
				INFOPLIST_KEY_UIApplicationSupportsIndirectInputEvents = YES;
				INFOPLIST_KEY_UILaunchStoryboardName = LaunchScreen;
				INFOPLIST_KEY_UIStatusBarHidden = NO;
				INFOPLIST_KEY_UISupportedInterfaceOrientations = UIInterfaceOrientationPortrait;
				INFOPLIST_KEY_UISupportedInterfaceOrientations_iPad = "UIInterfaceOrientationPortrait UIInterfaceOrientationPortraitUpsideDown UIInterfaceOrientationLandscapeLeft UIInterfaceOrientationLandscapeRight";
				INFOPLIST_KEY_UISupportedInterfaceOrientations_iPhone = "UIInterfaceOrientationPortrait UIInterfaceOrientationLandscapeLeft UIInterfaceOrientationLandscapeRight";
				LD_RUNPATH_SEARCH_PATHS = (
					"$(inherited)",
					"@executable_path/Frameworks",
				);
				MARKETING_VERSION = 1.0;
				PRODUCT_BUNDLE_IDENTIFIER = com.SAI.BillMe;
				PRODUCT_NAME = "$(TARGET_NAME)";
				SWIFT_EMIT_LOC_STRINGS = YES;
				SWIFT_VERSION = 5.0;
				TARGETED_DEVICE_FAMILY = 1;
			};
			name = Debug;
		};
		C57A3DCB28B4C24C00C0498E /* Release */ = {
			isa = XCBuildConfiguration;
			buildSettings = {
				ASSETCATALOG_COMPILER_APPICON_NAME = AppIcon;
				ASSETCATALOG_COMPILER_GLOBAL_ACCENT_COLOR_NAME = AccentColor;
				CODE_SIGN_STYLE = Automatic;
				CURRENT_PROJECT_VERSION = 1;
				DEVELOPMENT_TEAM = 5CD9RDCH3V;
				GENERATE_INFOPLIST_FILE = YES;
				INFOPLIST_FILE = BillMe/Info.plist;
				INFOPLIST_KEY_UIApplicationSupportsIndirectInputEvents = YES;
				INFOPLIST_KEY_UILaunchStoryboardName = LaunchScreen;
				INFOPLIST_KEY_UIStatusBarHidden = NO;
				INFOPLIST_KEY_UISupportedInterfaceOrientations = UIInterfaceOrientationPortrait;
				INFOPLIST_KEY_UISupportedInterfaceOrientations_iPad = "UIInterfaceOrientationPortrait UIInterfaceOrientationPortraitUpsideDown UIInterfaceOrientationLandscapeLeft UIInterfaceOrientationLandscapeRight";
				INFOPLIST_KEY_UISupportedInterfaceOrientations_iPhone = "UIInterfaceOrientationPortrait UIInterfaceOrientationLandscapeLeft UIInterfaceOrientationLandscapeRight";
				LD_RUNPATH_SEARCH_PATHS = (
					"$(inherited)",
					"@executable_path/Frameworks",
				);
				MARKETING_VERSION = 1.0;
				PRODUCT_BUNDLE_IDENTIFIER = com.SAI.BillMe;
				PRODUCT_NAME = "$(TARGET_NAME)";
				SWIFT_EMIT_LOC_STRINGS = YES;
				SWIFT_VERSION = 5.0;
				TARGETED_DEVICE_FAMILY = 1;
			};
			name = Release;
		};
		C5B5AA8828CB58B1006EBB25 /* Debug */ = {
			isa = XCBuildConfiguration;
			buildSettings = {
				CODE_SIGN_STYLE = Automatic;
				CURRENT_PROJECT_VERSION = 1;
				DEVELOPMENT_TEAM = 5CD9RDCH3V;
				GENERATE_INFOPLIST_FILE = YES;
				MARKETING_VERSION = 1.0;
				PRODUCT_BUNDLE_IDENTIFIER = com.SAI.BillMeUITests;
				PRODUCT_NAME = "$(TARGET_NAME)";
				SWIFT_EMIT_LOC_STRINGS = NO;
				SWIFT_OPTIMIZATION_LEVEL = "-Onone";
				SWIFT_VERSION = 5.0;
				TARGETED_DEVICE_FAMILY = "1,2";
				TEST_TARGET_NAME = BillMe;
			};
			name = Debug;
		};
		C5B5AA8928CB58B1006EBB25 /* Release */ = {
			isa = XCBuildConfiguration;
			buildSettings = {
				CODE_SIGN_STYLE = Automatic;
				CURRENT_PROJECT_VERSION = 1;
				DEVELOPMENT_TEAM = 5CD9RDCH3V;
				GENERATE_INFOPLIST_FILE = YES;
				MARKETING_VERSION = 1.0;
				PRODUCT_BUNDLE_IDENTIFIER = com.SAI.BillMeUITests;
				PRODUCT_NAME = "$(TARGET_NAME)";
				SWIFT_EMIT_LOC_STRINGS = NO;
				SWIFT_VERSION = 5.0;
				TARGETED_DEVICE_FAMILY = "1,2";
				TEST_TARGET_NAME = BillMe;
			};
			name = Release;
		};
/* End XCBuildConfiguration section */

/* Begin XCConfigurationList section */
		C57A3DB028B4C24B00C0498E /* Build configuration list for PBXProject "BillMe" */ = {
			isa = XCConfigurationList;
			buildConfigurations = (
				C57A3DC728B4C24C00C0498E /* Debug */,
				C57A3DC828B4C24C00C0498E /* Release */,
			);
			defaultConfigurationIsVisible = 0;
			defaultConfigurationName = Release;
		};
		C57A3DC928B4C24C00C0498E /* Build configuration list for PBXNativeTarget "BillMe" */ = {
			isa = XCConfigurationList;
			buildConfigurations = (
				C57A3DCA28B4C24C00C0498E /* Debug */,
				C57A3DCB28B4C24C00C0498E /* Release */,
			);
			defaultConfigurationIsVisible = 0;
			defaultConfigurationName = Release;
		};
		C5B5AA8A28CB58B1006EBB25 /* Build configuration list for PBXNativeTarget "BillMeUITests" */ = {
			isa = XCConfigurationList;
			buildConfigurations = (
				C5B5AA8828CB58B1006EBB25 /* Debug */,
				C5B5AA8928CB58B1006EBB25 /* Release */,
			);
			defaultConfigurationIsVisible = 0;
			defaultConfigurationName = Release;
		};
/* End XCConfigurationList section */
	};
	rootObject = C57A3DAD28B4C24B00C0498E /* Project object */;
}
